lockfileVersion: '9.0'

settings:
  autoInstallPeers: true
  excludeLinksFromLockfile: false

importers:

  .:
    dependencies:
      '@niicojs/pawnote':
        specifier: ^1.6.2
        version: 1.6.2
      date-fns:
        specifier: ^4.1.0
        version: 4.1.0
      mri:
        specifier: ^1.2.0
        version: 1.2.0
      ofetch:
        specifier: ^1.5.1
        version: 1.5.1
      smol-toml:
        specifier: ^1.6.0
        version: 1.6.0
      turndown:
        specifier: ^7.2.2
        version: 7.2.2
    devDependencies:
      '@types/node':
        specifier: ^25.0.3
        version: 25.0.3
      '@types/turndown':
        specifier: ^5.0.6
        version: 5.0.6

packages:

  '@literate.ink/utilities@1.0.0-10641118381.1':
    resolution: {integrity: sha512-omhzgwfAjNXqIjt6dmWbU8pm6QfEvNYetykEXYk+vVaJ8oICglvkChxkC6FkF8zJKMM/lFrNHgD42obQ8lwolQ==}

  '@mixmark-io/domino@2.2.0':
    resolution: {integrity: sha512-Y28PR25bHXUg88kCV7nivXrP2Nj2RueZ3/l/jdx6J9f8J4nsEGcgX0Qe6lt7Pa+J79+kPiJU3LguR6O/6zrLOw==}

  '@niicojs/pawnote@1.6.2':
    resolution: {integrity: sha512-OK6NaQzsxYWdgdcrfsRXFZaMBYDhr5Ibk/BW3vqJ7dlMMS6WyxXl/SVH5t3xEE7DlCXH33LN7SEFWJ9W39f0ag==}

  '@types/node@25.0.3':
    resolution: {integrity: sha512-W609buLVRVmeW693xKfzHeIV6nJGGz98uCPfeXI1ELMLXVeKYZ9m15fAMSaUPBHYLGFsVRcMmSCksQOrZV9BYA==}

  '@types/turndown@5.0.6':
    resolution: {integrity: sha512-ru00MoyeeouE5BX4gRL+6m/BsDfbRayOskWqUvh7CLGW+UXxHQItqALa38kKnOiZPqJrtzJUgAC2+F0rL1S4Pg==}

  date-fns@4.1.0:
    resolution: {integrity: sha512-Ukq0owbQXxa/U3EGtsdVBkR1w7KOQ5gIBqdH2hkvknzZPYvBxb/aa6E8L7tmjFtkwZBu3UXBbjIgPo/Ez4xaNg==}

  destr@2.0.5:
    resolution: {integrity: sha512-ugFTXCtDZunbzasqBxrK93Ik/DRYsO6S/fedkWEMKqt04xZ4csmnmwGDBAb07QWNaGMAmnTIemsYZCksjATwsA==}

  html-entities@2.6.0:
    resolution: {integrity: sha512-kig+rMn/QOVRvr7c86gQ8lWXq+Hkv6CbAH1hLu+RG338StTpE8Z0b44SDVaqVu7HGKf27frdmUYEs9hTUX/cLQ==}

  mri@1.2.0:
    resolution: {integrity: sha512-tzzskb3bG8LvYGFF/mDTpq3jpI6Q9wc3LEmBaghu+DdCssd1FakN7Bc0hVNmEyGq1bq3RgfkCb3cmQLpNPOroA==}
    engines: {node: '>=4'}

  node-fetch-native@1.6.7:
    resolution: {integrity: sha512-g9yhqoedzIUm0nTnTqAQvueMPVOuIY16bqgAJJC8XOOubYFNwz6IER9qs0Gq2Xd0+CecCKFjtdDTMA4u4xG06Q==}

  node-forge@1.3.1:
    resolution: {integrity: sha512-dPEtOeMvF9VMcYV/1Wb8CPoVAXtp6MKMlcbAt4ddqmGqUJ6fQZFXkNZNkNlfevtNkGtaSoXf/vNNNSvgrdXwtA==}
    engines: {node: '>= 6.13.0'}

  ofetch@1.5.1:
    resolution: {integrity: sha512-2W4oUZlVaqAPAil6FUg/difl6YhqhUR7x2eZY4bQCko22UXg3hptq9KLQdqFClV+Wu85UX7hNtdGTngi/1BxcA==}

  pako@2.1.0:
    resolution: {integrity: sha512-w+eufiZ1WuJYgPXbV/PO3NCMEc3xqylkKHzp8bxp1uW4qaSNQUkwmLLEc3kKsfz8lpV1F8Ht3U1Cm+9Srog2ug==}

  set-cookie-parser@2.7.1:
    resolution: {integrity: sha512-IOc8uWeOZgnb3ptbCURJWNjWUPcO3ZnTTdzsurqERrP6nPyv+paC55vJM0LpOlT2ne+Ix+9+CRG1MNLlyZ4GjQ==}

  smol-toml@1.6.0:
    resolution: {integrity: sha512-4zemZi0HvTnYwLfrpk/CF9LOd9Lt87kAt50GnqhMpyF9U3poDAP2+iukq2bZsO/ufegbYehBkqINbsWxj4l4cw==}
    engines: {node: '>= 18'}

  turndown@7.2.2:
    resolution: {integrity: sha512-1F7db8BiExOKxjSMU2b7if62D/XOyQyZbPKq/nUwopfgnHlqXHqQ0lvfUTeUIr1lZJzOPFn43dODyMSIfvWRKQ==}

  ufo@1.6.1:
    resolution: {integrity: sha512-9a4/uxlTWJ4+a5i0ooc1rU7C7YOw3wT+UGqdeNNHWnOF9qcMBgLRS+4IYUqbczewFx4mLEig6gawh7X6mFlEkA==}

  undici-types@7.16.0:
    resolution: {integrity: sha512-Zz+aZWSj8LE6zoxD+xrjh4VfkIG8Ya6LvYkZqtUQGJPZjYl53ypCaUwWqo7eI0x66KBGeRo+mlBEkMSeSZ38Nw==}

snapshots:

  '@literate.ink/utilities@1.0.0-10641118381.1':
    dependencies:
      set-cookie-parser: 2.7.1

  '@mixmark-io/domino@2.2.0': {}

  '@niicojs/pawnote@1.6.2':
    dependencies:
      '@literate.ink/utilities': 1.0.0-10641118381.1
      html-entities: 2.6.0
      node-forge: 1.3.1
      pako: 2.1.0

  '@types/node@25.0.3':
    dependencies:
      undici-types: 7.16.0

  '@types/turndown@5.0.6': {}

  date-fns@4.1.0: {}

  destr@2.0.5: {}

  html-entities@2.6.0: {}

  mri@1.2.0: {}

  node-fetch-native@1.6.7: {}

  node-forge@1.3.1: {}

  ofetch@1.5.1:
    dependencies:
      destr: 2.0.5
      node-fetch-native: 1.6.7
      ufo: 1.6.1

  pako@2.1.0: {}

  set-cookie-parser@2.7.1: {}

  smol-toml@1.6.0: {}

  turndown@7.2.2:
    dependencies:
      '@mixmark-io/domino': 2.2.0

  ufo@1.6.1: {}

  undici-types@7.16.0: {}
